{
  "lockfile_version": "1",
  "packages": {
    "azure-cli@2.67": {
      "last_modified": "2024-12-09T13:13:08Z",
      "resolved": "github:NixOS/nixpkgs/bc27f0fde01ce4e1bfec1ab122d72b7380278e68#azure-cli",
      "source": "devbox-search",
      "version": "2.67.0",
      "systems": {
        "aarch64-darwin": {
          "outputs": [
            {
              "name": "out",
              "path": "/nix/store/hrxx75gfhap33vp2g5c1mz8xriqiq4a9-python3.12-azure-cli-2.67.0",
              "default": true
            },
            {
              "name": "dist",
              "path": "/nix/store/k386m8fwhykv61cc6pdac8cskj5dx61m-python3.12-azure-cli-2.67.0-dist"
            }
          ],
          "store_path": "/nix/store/hrxx75gfhap33vp2g5c1mz8xriqiq4a9-python3.12-azure-cli-2.67.0"
        },
        "aarch64-linux": {
          "outputs": [
            {
              "name": "out",
              "path": "/nix/store/v3mw1ncxy9damnv5lk8g1l6qqkziyiwn-python3.12-azure-cli-2.67.0",
              "default": true
            },
            {
              "name": "dist",
              "path": "/nix/store/05rvylnj2dy7cmxrx7immvbz1bar0qsn-python3.12-azure-cli-2.67.0-dist"
            }
          ],
          "store_path": "/nix/store/v3mw1ncxy9damnv5lk8g1l6qqkziyiwn-python3.12-azure-cli-2.67.0"
        },
        "x86_64-darwin": {
          "outputs": [
            {
              "name": "out",
              "path": "/nix/store/lgimq85cg548vcjahgq48r6xlsaib789-python3.12-azure-cli-2.67.0",
              "default": true
            },
            {
              "name": "dist",
              "path": "/nix/store/j8n1c8vdr5809jiciczw0h69qw2h2snl-python3.12-azure-cli-2.67.0-dist"
            }
          ],
          "store_path": "/nix/store/lgimq85cg548vcjahgq48r6xlsaib789-python3.12-azure-cli-2.67.0"
        },
        "x86_64-linux": {
          "outputs": [
            {
              "name": "out",
              "path": "/nix/store/lym3zcy7id2dp06n8w2a9p60zybwi00s-python3.12-azure-cli-2.67.0",
              "default": true
            },
            {
              "name": "dist",
              "path": "/nix/store/hs6s90xf36p4xna9z4gwgcid91jsv855-python3.12-azure-cli-2.67.0-dist"
            }
          ],
          "store_path": "/nix/store/lym3zcy7id2dp06n8w2a9p60zybwi00s-python3.12-azure-cli-2.67.0"
        }
      }
    },
    "docker@27.4.1": {
      "last_modified": "2025-01-09T11:09:19Z",
      "resolved": "github:NixOS/nixpkgs/32af3611f6f05655ca166a0b1f47b57c762b5192#docker",
      "source": "devbox-search",
      "version": "27.4.1",
      "systems": {
        "aarch64-darwin": {
          "outputs": [
            {
              "name": "out",
              "path": "/nix/store/4j3f6xqn2wi3590fw54hj9pcwz58dcbd-docker-27.4.1",
              "default": true
            }
          ],
          "store_path": "/nix/store/4j3f6xqn2wi3590fw54hj9pcwz58dcbd-docker-27.4.1"
        },
        "aarch64-linux": {
          "outputs": [
            {
              "name": "out",
              "path": "/nix/store/jx6sk7ps4mjickj40z75d13qr8hrhpn2-docker-27.4.1",
              "default": true
            }
          ],
          "store_path": "/nix/store/jx6sk7ps4mjickj40z75d13qr8hrhpn2-docker-27.4.1"
        },
        "x86_64-darwin": {
          "outputs": [
            {
              "name": "out",
              "path": "/nix/store/rflmb941mrih44am3girmnadq04vqghv-docker-27.4.1",
              "default": true
            }
          ],
          "store_path": "/nix/store/rflmb941mrih44am3girmnadq04vqghv-docker-27.4.1"
        },
        "x86_64-linux": {
          "outputs": [
            {
              "name": "out",
              "path": "/nix/store/x4lbbzm4x5w0f55dhfdr62b18a4hzz8f-docker-27.4.1",
              "default": true
            }
          ],
          "store_path": "/nix/store/x4lbbzm4x5w0f55dhfdr62b18a4hzz8f-docker-27.4.1"
        }
      }
    },
    "dotnet-sdk_10@10.0": {
      "last_modified": "2025-11-23T21:50:36Z",
      "resolved": "github:NixOS/nixpkgs/ee09932cedcef15aaf476f9343d1dea2cb77e261#dotnet-sdk_10",
      "source": "devbox-search",
      "version": "10.0.100",
      "systems": {
        "aarch64-darwin": {
          "outputs": [
            {
              "name": "out",
              "path": "/nix/store/pp340fh4a9xwhp7ss5j0fdvd92bq2qsf-dotnet-sdk-wrapped-10.0.100",
              "default": true
            },
            {
              "name": "man",
              "path": "/nix/store/qsgxnqkpx0igfs69sx3998gq6s64g7zq-dotnet-sdk-wrapped-10.0.100-man",
              "default": true
            }
          ],
          "store_path": "/nix/store/pp340fh4a9xwhp7ss5j0fdvd92bq2qsf-dotnet-sdk-wrapped-10.0.100"
        },
        "aarch64-linux": {
          "outputs": [
            {
              "name": "out",
              "path": "/nix/store/5k3gbhh54q01w4z0n6vkpwps9p7vr5m5-dotnet-sdk-wrapped-10.0.100",
              "default": true
            },
            {
              "name": "man",
              "path": "/nix/store/mj7fpdphx1h1w2q00qdfinvwpycdzkvr-dotnet-sdk-wrapped-10.0.100-man",
              "default": true
            }
          ],
          "store_path": "/nix/store/5k3gbhh54q01w4z0n6vkpwps9p7vr5m5-dotnet-sdk-wrapped-10.0.100"
        },
        "x86_64-darwin": {
          "outputs": [
            {
              "name": "out",
              "path": "/nix/store/zmdj1ycvssg3w7nrr59qlxigid1jmpx0-dotnet-sdk-wrapped-10.0.100",
              "default": true
            }
          ],
          "store_path": "/nix/store/zmdj1ycvssg3w7nrr59qlxigid1jmpx0-dotnet-sdk-wrapped-10.0.100"
        },
        "x86_64-linux": {
          "outputs": [
            {
              "name": "out",
              "path": "/nix/store/9m6mlpq2pc8v8vhqf0v24l3lq89f5vim-dotnet-sdk-wrapped-10.0.100",
              "default": true
            },
            {
              "name": "man",
              "path": "/nix/store/y7vgiqhnjdffx4r8ckfyi6f0f0vqlrsw-dotnet-sdk-wrapped-10.0.100-man",
              "default": true
            }
          ],
          "store_path": "/nix/store/9m6mlpq2pc8v8vhqf0v24l3lq89f5vim-dotnet-sdk-wrapped-10.0.100"
        }
      }
    },
    "github:NixOS/nixpkgs/nixpkgs-unstable": {
      "last_modified": "2025-12-09T08:49:39Z",
      "resolved": "github:NixOS/nixpkgs/677fbe97984e7af3175b6c121f3c39ee5c8d62c9?lastModified=1765270179&narHash=sha256-g2a4MhRKu4ymR4xwo%2BI%2BauTknXt%2F%2Bj37Lnf0Mvfl1rE%3D"
    },
    "glooctl@1.17.16": {
      "last_modified": "2024-12-08T11:15:23Z",
      "resolved": "github:NixOS/nixpkgs/93dc9803a1ee435e590b02cde9589038d5cc3a4e#glooctl",
      "source": "devbox-search",
      "version": "1.17.16",
      "systems": {
        "aarch64-darwin": {
          "outputs": [
            {
              "name": "out",
              "path": "/nix/store/8daxbp1n5b01mh0sh42v864qc1k4cncg-glooctl-1.17.16",
              "default": true
            }
          ],
          "store_path": "/nix/store/8daxbp1n5b01mh0sh42v864qc1k4cncg-glooctl-1.17.16"
        },
        "aarch64-linux": {
          "outputs": [
            {
              "name": "out",
              "path": "/nix/store/v5szlbs1by4h4nmvyz38mnm0w8axzk8d-glooctl-1.17.16",
              "default": true
            }
          ],
          "store_path": "/nix/store/v5szlbs1by4h4nmvyz38mnm0w8axzk8d-glooctl-1.17.16"
        },
        "x86_64-darwin": {
          "outputs": [
            {
              "name": "out",
              "path": "/nix/store/ml9dm6x6blhjdbarwvlqkl56b1551xzh-glooctl-1.17.16",
              "default": true
            }
          ],
          "store_path": "/nix/store/ml9dm6x6blhjdbarwvlqkl56b1551xzh-glooctl-1.17.16"
        },
        "x86_64-linux": {
          "outputs": [
            {
              "name": "out",
              "path": "/nix/store/0r5hpzb168x7cy92awf16kn2xgfrs4d3-glooctl-1.17.16",
              "default": true
            }
          ],
          "store_path": "/nix/store/0r5hpzb168x7cy92awf16kn2xgfrs4d3-glooctl-1.17.16"
        }
      }
    },
    "k3d@5.7.4": {
      "last_modified": "2024-11-16T04:25:12Z",
      "resolved": "github:NixOS/nixpkgs/34a626458d686f1b58139620a8b2793e9e123bba#k3d",
      "source": "devbox-search",
      "version": "5.7.4",
      "systems": {
        "aarch64-darwin": {
          "outputs": [
            {
              "name": "out",
              "path": "/nix/store/xs38k82qjyaz1sp5wlr33km02x2w5jdc-k3d-5.7.4",
              "default": true
            }
          ],
          "store_path": "/nix/store/xs38k82qjyaz1sp5wlr33km02x2w5jdc-k3d-5.7.4"
        },
        "aarch64-linux": {
          "outputs": [
            {
              "name": "out",
              "path": "/nix/store/xdpkh9ajv7ixpcd4zskpcawwky5k2ghc-k3d-5.7.4",
              "default": true
            }
          ],
          "store_path": "/nix/store/xdpkh9ajv7ixpcd4zskpcawwky5k2ghc-k3d-5.7.4"
        },
        "x86_64-darwin": {
          "outputs": [
            {
              "name": "out",
              "path": "/nix/store/gsyjs7h4sa9hygxg2gihynfn6gvd87yw-k3d-5.7.4",
              "default": true
            }
          ],
          "store_path": "/nix/store/gsyjs7h4sa9hygxg2gihynfn6gvd87yw-k3d-5.7.4"
        },
        "x86_64-linux": {
          "outputs": [
            {
              "name": "out",
              "path": "/nix/store/sg2f9p417mzi57b55drkhms51msb7n37-k3d-5.7.4",
              "default": true
            }
          ],
          "store_path": "/nix/store/sg2f9p417mzi57b55drkhms51msb7n37-k3d-5.7.4"
        }
      }
    },
    "k6@0.55.1": {
      "last_modified": "2024-12-23T21:10:33Z",
      "resolved": "github:NixOS/nixpkgs/de1864217bfa9b5845f465e771e0ecb48b30e02d#k6",
      "source": "devbox-search",
      "version": "0.55.1",
      "systems": {
        "aarch64-darwin": {
          "outputs": [
            {
              "name": "out",
              "path": "/nix/store/5l4mjbyj5k8qir9fb6paarz36b0p2il5-k6-0.55.1",
              "default": true
            }
          ],
          "store_path": "/nix/store/5l4mjbyj5k8qir9fb6paarz36b0p2il5-k6-0.55.1"
        },
        "aarch64-linux": {
          "outputs": [
            {
              "name": "out",
              "path": "/nix/store/mb8dngf16jhbh8ndgpqpn1q87fp6r8bq-k6-0.55.1",
              "default": true
            }
          ],
          "store_path": "/nix/store/mb8dngf16jhbh8ndgpqpn1q87fp6r8bq-k6-0.55.1"
        },
        "x86_64-darwin": {
          "outputs": [
            {
              "name": "out",
              "path": "/nix/store/iyvc4dg40av8npww3h4qx1xnbfzwvqgz-k6-0.55.1",
              "default": true
            }
          ],
          "store_path": "/nix/store/iyvc4dg40av8npww3h4qx1xnbfzwvqgz-k6-0.55.1"
        },
        "x86_64-linux": {
          "outputs": [
            {
              "name": "out",
              "path": "/nix/store/wdap773q1zcd8gp6yp39wq2abk6cca26-k6-0.55.1",
              "default": true
            }
          ],
          "store_path": "/nix/store/wdap773q1zcd8gp6yp39wq2abk6cca26-k6-0.55.1"
        }
      }
    },
    "k9s@latest": {
      "last_modified": "2024-12-08T11:15:23Z",
      "resolved": "github:NixOS/nixpkgs/93dc9803a1ee435e590b02cde9589038d5cc3a4e#k9s",
      "source": "devbox-search",
      "version": "0.32.7",
      "systems": {
        "aarch64-darwin": {
          "outputs": [
            {
              "name": "out",
              "path": "/nix/store/g4qqj0b4zn6ggr3lnzchmwg2hqvhwxaa-k9s-0.32.7",
              "default": true
            }
          ],
          "store_path": "/nix/store/g4qqj0b4zn6ggr3lnzchmwg2hqvhwxaa-k9s-0.32.7"
        },
        "aarch64-linux": {
          "outputs": [
            {
              "name": "out",
              "path": "/nix/store/byb394izixahjb84hy5n12wigydx4skp-k9s-0.32.7",
              "default": true
            }
          ],
          "store_path": "/nix/store/byb394izixahjb84hy5n12wigydx4skp-k9s-0.32.7"
        },
        "x86_64-darwin": {
          "outputs": [
            {
              "name": "out",
              "path": "/nix/store/xn8vpvgjvzlparwi29a3z3i36hhghf8n-k9s-0.32.7",
              "default": true
            }
          ],
          "store_path": "/nix/store/xn8vpvgjvzlparwi29a3z3i36hhghf8n-k9s-0.32.7"
        },
        "x86_64-linux": {
          "outputs": [
            {
              "name": "out",
              "path": "/nix/store/y54drn2rzy4jrdpac4x3vn2lpmph9pwq-k9s-0.32.7",
              "default": true
            }
          ],
          "store_path": "/nix/store/y54drn2rzy4jrdpac4x3vn2lpmph9pwq-k9s-0.32.7"
        }
      }
    },
    "kubectl@latest": {
      "last_modified": "2024-11-28T07:51:56Z",
      "resolved": "github:NixOS/nixpkgs/226216574ada4c3ecefcbbec41f39ce4655f78ef#kubectl",
      "source": "devbox-search",
      "version": "1.31.2",
      "systems": {
        "aarch64-darwin": {
          "outputs": [
            {
              "name": "out",
              "path": "/nix/store/4y0isz580qj1gprqihb39jzvq1h3ys8d-kubectl-1.31.2",
              "default": true
            },
            {
              "name": "man",
              "path": "/nix/store/yn7jsawkgab95ly8wjzm7qk4axins9c0-kubectl-1.31.2-man",
              "default": true
            },
            {
              "name": "convert",
              "path": "/nix/store/mgfqyq94gz2rlfg7kfyxjhlxpd88rrx1-kubectl-1.31.2-convert"
            }
          ],
          "store_path": "/nix/store/4y0isz580qj1gprqihb39jzvq1h3ys8d-kubectl-1.31.2"
        },
        "aarch64-linux": {
          "outputs": [
            {
              "name": "out",
              "path": "/nix/store/hs22srzb0xw25047q72lzf8yvkyndayp-kubectl-1.31.2",
              "default": true
            },
            {
              "name": "man",
              "path": "/nix/store/m6pgvbcpw5yyiy5f2106ihkapk7kjv9l-kubectl-1.31.2-man",
              "default": true
            },
            {
              "name": "convert",
              "path": "/nix/store/mk43xaa0hzc5hsg115nfa89h8p05l70n-kubectl-1.31.2-convert"
            }
          ],
          "store_path": "/nix/store/hs22srzb0xw25047q72lzf8yvkyndayp-kubectl-1.31.2"
        },
        "x86_64-darwin": {
          "outputs": [
            {
              "name": "out",
              "path": "/nix/store/8dfd5d7i3q0jvqgzc2775kl8b5pbh7g9-kubectl-1.31.2",
              "default": true
            },
            {
              "name": "man",
              "path": "/nix/store/7rvlb9k6bs623m3f7k3ay52n9bx6id1h-kubectl-1.31.2-man",
              "default": true
            },
            {
              "name": "convert",
              "path": "/nix/store/d6yjj3akz8dddmjzp2hz2lyd1fwqaqq9-kubectl-1.31.2-convert"
            }
          ],
          "store_path": "/nix/store/8dfd5d7i3q0jvqgzc2775kl8b5pbh7g9-kubectl-1.31.2"
        },
        "x86_64-linux": {
          "outputs": [
            {
              "name": "out",
              "path": "/nix/store/wjr8vcdjb25ja1q3nvzwnzf5qg6iv8iy-kubectl-1.31.2",
              "default": true
            },
            {
              "name": "man",
              "path": "/nix/store/66mlhapc0wawjz2v05116nkp02lxinkx-kubectl-1.31.2-man",
              "default": true
            },
            {
              "name": "convert",
              "path": "/nix/store/44dsmqkr8c3lp4j417nshswcf0mpj9i5-kubectl-1.31.2-convert"
            }
          ],
          "store_path": "/nix/store/wjr8vcdjb25ja1q3nvzwnzf5qg6iv8iy-kubectl-1.31.2"
        }
      }
    },
    "kubelogin@0.1.6": {
      "last_modified": "2024-12-17T11:43:56Z",
      "resolved": "github:NixOS/nixpkgs/4989a246d7a390a859852baddb1013f825435cee#kubelogin",
      "source": "devbox-search",
      "version": "0.1.6",
      "systems": {
        "aarch64-darwin": {
          "outputs": [
            {
              "name": "out",
              "path": "/nix/store/214lk1bnl7hamkc6cygj544vpwi99s6h-kubelogin-0.1.6",
              "default": true
            }
          ],
          "store_path": "/nix/store/214lk1bnl7hamkc6cygj544vpwi99s6h-kubelogin-0.1.6"
        },
        "aarch64-linux": {
          "outputs": [
            {
              "name": "out",
              "path": "/nix/store/jfxg1hfn6cvdkymrb80g3m8nyr0qwmqn-kubelogin-0.1.6",
              "default": true
            }
          ],
          "store_path": "/nix/store/jfxg1hfn6cvdkymrb80g3m8nyr0qwmqn-kubelogin-0.1.6"
        },
        "x86_64-darwin": {
          "outputs": [
            {
              "name": "out",
              "path": "/nix/store/8f9chsrkhp4lvqyjsf8gxdhdi70jj7vp-kubelogin-0.1.6",
              "default": true
            }
          ],
          "store_path": "/nix/store/8f9chsrkhp4lvqyjsf8gxdhdi70jj7vp-kubelogin-0.1.6"
        },
        "x86_64-linux": {
          "outputs": [
            {
              "name": "out",
              "path": "/nix/store/dm5ri258scjsqcy0zckg1qfambm8xfqj-kubelogin-0.1.6",
              "default": true
            }
          ],
          "store_path": "/nix/store/dm5ri258scjsqcy0zckg1qfambm8xfqj-kubelogin-0.1.6"
        }
      }
    },
    "kubernetes-helm@3.16.3": {
      "last_modified": "2024-11-28T07:51:56Z",
      "resolved": "github:NixOS/nixpkgs/226216574ada4c3ecefcbbec41f39ce4655f78ef#kubernetes-helm",
      "source": "devbox-search",
      "version": "3.16.3",
      "systems": {
        "aarch64-darwin": {
          "outputs": [
            {
              "name": "out",
              "path": "/nix/store/ppr8wia2hmshknp9yfhr7ivqqigqqq4j-kubernetes-helm-3.16.3",
              "default": true
            }
          ],
          "store_path": "/nix/store/ppr8wia2hmshknp9yfhr7ivqqigqqq4j-kubernetes-helm-3.16.3"
        },
        "aarch64-linux": {
          "outputs": [
            {
              "name": "out",
              "path": "/nix/store/vsps7v36p9nbx08v8c7x1a36mmknhacy-kubernetes-helm-3.16.3",
              "default": true
            }
          ],
          "store_path": "/nix/store/vsps7v36p9nbx08v8c7x1a36mmknhacy-kubernetes-helm-3.16.3"
        },
        "x86_64-darwin": {
          "outputs": [
            {
              "name": "out",
              "path": "/nix/store/8xbrzsfv1q0kkranniy99fcszpwmjglr-kubernetes-helm-3.16.3",
              "default": true
            }
          ],
          "store_path": "/nix/store/8xbrzsfv1q0kkranniy99fcszpwmjglr-kubernetes-helm-3.16.3"
        },
        "x86_64-linux": {
          "outputs": [
            {
              "name": "out",
              "path": "/nix/store/nyrghdw5xi4kiwbsw6vdvnnyra5cy0x7-kubernetes-helm-3.16.3",
              "default": true
            }
          ],
          "store_path": "/nix/store/nyrghdw5xi4kiwbsw6vdvnnyra5cy0x7-kubernetes-helm-3.16.3"
        }
      }
    },
    "yq-go@4.44": {
      "last_modified": "2024-12-23T21:10:33Z",
      "resolved": "github:NixOS/nixpkgs/de1864217bfa9b5845f465e771e0ecb48b30e02d#yq-go",
      "source": "devbox-search",
      "version": "4.44.6",
      "systems": {
        "aarch64-darwin": {
          "outputs": [
            {
              "name": "out",
              "path": "/nix/store/cv2yhzv2vv5mp205jc2y97f8cz13c4p7-yq-go-4.44.6",
              "default": true
            }
          ],
          "store_path": "/nix/store/cv2yhzv2vv5mp205jc2y97f8cz13c4p7-yq-go-4.44.6"
        },
        "aarch64-linux": {
          "outputs": [
            {
              "name": "out",
              "path": "/nix/store/chs70a09khlmc1agnnl4nds77a03my0m-yq-go-4.44.6",
              "default": true
            }
          ],
          "store_path": "/nix/store/chs70a09khlmc1agnnl4nds77a03my0m-yq-go-4.44.6"
        },
        "x86_64-darwin": {
          "outputs": [
            {
              "name": "out",
              "path": "/nix/store/h4mqacjb4hj0xsn61blpi8jgw49wdwcx-yq-go-4.44.6",
              "default": true
            }
          ],
          "store_path": "/nix/store/h4mqacjb4hj0xsn61blpi8jgw49wdwcx-yq-go-4.44.6"
        },
        "x86_64-linux": {
          "outputs": [
            {
              "name": "out",
              "path": "/nix/store/nzrxb2vwxwnmndccndf0hdyc4vcjmz3y-yq-go-4.44.6",
              "default": true
            }
          ],
          "store_path": "/nix/store/nzrxb2vwxwnmndccndf0hdyc4vcjmz3y-yq-go-4.44.6"
        }
      }
    }
  }
}
