{
  "lockfile_version": "1",
  "packages": {
    "azure-cli@2.67": {
      "last_modified": "2024-12-09T13:13:08Z",
      "resolved": "github:NixOS/nixpkgs/bc27f0fde01ce4e1bfec1ab122d72b7380278e68#azure-cli",
      "source": "devbox-search",
      "version": "2.67.0",
      "systems": {
        "aarch64-darwin": {
          "outputs": [
            {
              "name": "out",
              "path": "/nix/store/hrxx75gfhap33vp2g5c1mz8xriqiq4a9-python3.12-azure-cli-2.67.0",
              "default": true
            },
            {
              "name": "dist",
              "path": "/nix/store/k386m8fwhykv61cc6pdac8cskj5dx61m-python3.12-azure-cli-2.67.0-dist"
            }
          ],
          "store_path": "/nix/store/hrxx75gfhap33vp2g5c1mz8xriqiq4a9-python3.12-azure-cli-2.67.0"
        },
        "aarch64-linux": {
          "outputs": [
            {
              "name": "out",
              "path": "/nix/store/v3mw1ncxy9damnv5lk8g1l6qqkziyiwn-python3.12-azure-cli-2.67.0",
              "default": true
            },
            {
              "name": "dist",
              "path": "/nix/store/05rvylnj2dy7cmxrx7immvbz1bar0qsn-python3.12-azure-cli-2.67.0-dist"
            }
          ],
          "store_path": "/nix/store/v3mw1ncxy9damnv5lk8g1l6qqkziyiwn-python3.12-azure-cli-2.67.0"
        },
        "x86_64-darwin": {
          "outputs": [
            {
              "name": "out",
              "path": "/nix/store/lgimq85cg548vcjahgq48r6xlsaib789-python3.12-azure-cli-2.67.0",
              "default": true
            },
            {
              "name": "dist",
              "path": "/nix/store/j8n1c8vdr5809jiciczw0h69qw2h2snl-python3.12-azure-cli-2.67.0-dist"
            }
          ],
          "store_path": "/nix/store/lgimq85cg548vcjahgq48r6xlsaib789-python3.12-azure-cli-2.67.0"
        },
        "x86_64-linux": {
          "outputs": [
            {
              "name": "out",
              "path": "/nix/store/lym3zcy7id2dp06n8w2a9p60zybwi00s-python3.12-azure-cli-2.67.0",
              "default": true
            },
            {
              "name": "dist",
              "path": "/nix/store/hs6s90xf36p4xna9z4gwgcid91jsv855-python3.12-azure-cli-2.67.0-dist"
            }
          ],
          "store_path": "/nix/store/lym3zcy7id2dp06n8w2a9p60zybwi00s-python3.12-azure-cli-2.67.0"
        }
      }
    },
    "docker@29.1.2": {
      "last_modified": "2025-12-15T04:22:15Z",
      "resolved": "github:NixOS/nixpkgs/09b8fda8959d761445f12b55f380d90375a1d6bb#docker",
      "source": "devbox-search",
      "version": "29.1.2",
      "systems": {
        "aarch64-darwin": {
          "outputs": [
            {
              "name": "out",
              "path": "/nix/store/38qw6ldsflj4jzvvfm2q7f4i7x1m79n7-docker-29.1.2",
              "default": true
            }
          ],
          "store_path": "/nix/store/38qw6ldsflj4jzvvfm2q7f4i7x1m79n7-docker-29.1.2"
        },
        "aarch64-linux": {
          "outputs": [
            {
              "name": "out",
              "path": "/nix/store/qxgaqaqhnfb7772dgkmcp4xs75a78f0s-docker-29.1.2",
              "default": true
            }
          ],
          "store_path": "/nix/store/qxgaqaqhnfb7772dgkmcp4xs75a78f0s-docker-29.1.2"
        },
        "x86_64-darwin": {
          "outputs": [
            {
              "name": "out",
              "path": "/nix/store/1ybyvg7fkr64brb6hh33wchw1bwghi93-docker-29.1.2",
              "default": true
            }
          ],
          "store_path": "/nix/store/1ybyvg7fkr64brb6hh33wchw1bwghi93-docker-29.1.2"
        },
        "x86_64-linux": {
          "outputs": [
            {
              "name": "out",
              "path": "/nix/store/lmapifc86ql4xysybykc37b4wg02f9i5-docker-29.1.2",
              "default": true
            }
          ],
          "store_path": "/nix/store/lmapifc86ql4xysybykc37b4wg02f9i5-docker-29.1.2"
        }
      }
    },
    "dotnet-ef@10.0": {
      "last_modified": "2025-12-15T04:22:15Z",
      "resolved": "github:NixOS/nixpkgs/09b8fda8959d761445f12b55f380d90375a1d6bb#dotnet-ef",
      "source": "devbox-search",
      "version": "10.0.0",
      "systems": {
        "aarch64-darwin": {
          "outputs": [
            {
              "name": "out",
              "path": "/nix/store/0in6djrljylfgdw3b6dsv32376y55z6q-dotnet-ef-10.0.0",
              "default": true
            }
          ],
          "store_path": "/nix/store/0in6djrljylfgdw3b6dsv32376y55z6q-dotnet-ef-10.0.0"
        },
        "aarch64-linux": {
          "outputs": [
            {
              "name": "out",
              "path": "/nix/store/3sn8i2bv0z0pdxcwphw96bmhqmc0mscz-dotnet-ef-10.0.0",
              "default": true
            }
          ],
          "store_path": "/nix/store/3sn8i2bv0z0pdxcwphw96bmhqmc0mscz-dotnet-ef-10.0.0"
        },
        "x86_64-darwin": {
          "outputs": [
            {
              "name": "out",
              "path": "/nix/store/mbaagx2x6gw753kddkyhys8sxx5pyc0x-dotnet-ef-10.0.0",
              "default": true
            }
          ],
          "store_path": "/nix/store/mbaagx2x6gw753kddkyhys8sxx5pyc0x-dotnet-ef-10.0.0"
        },
        "x86_64-linux": {
          "outputs": [
            {
              "name": "out",
              "path": "/nix/store/66dg36qzr3bwrfscnjr8afg4h8ighfcs-dotnet-ef-10.0.0",
              "default": true
            }
          ],
          "store_path": "/nix/store/66dg36qzr3bwrfscnjr8afg4h8ighfcs-dotnet-ef-10.0.0"
        }
      }
    },
    "dotnet-sdk_10@10.0": {
      "last_modified": "2025-11-23T21:50:36Z",
      "resolved": "github:NixOS/nixpkgs/ee09932cedcef15aaf476f9343d1dea2cb77e261#dotnet-sdk_10",
      "source": "devbox-search",
      "version": "10.0.100",
      "systems": {
        "aarch64-darwin": {
          "outputs": [
            {
              "name": "out",
              "path": "/nix/store/pp340fh4a9xwhp7ss5j0fdvd92bq2qsf-dotnet-sdk-wrapped-10.0.100",
              "default": true
            },
            {
              "name": "man",
              "path": "/nix/store/qsgxnqkpx0igfs69sx3998gq6s64g7zq-dotnet-sdk-wrapped-10.0.100-man",
              "default": true
            }
          ],
          "store_path": "/nix/store/pp340fh4a9xwhp7ss5j0fdvd92bq2qsf-dotnet-sdk-wrapped-10.0.100"
        },
        "aarch64-linux": {
          "outputs": [
            {
              "name": "out",
              "path": "/nix/store/5k3gbhh54q01w4z0n6vkpwps9p7vr5m5-dotnet-sdk-wrapped-10.0.100",
              "default": true
            },
            {
              "name": "man",
              "path": "/nix/store/mj7fpdphx1h1w2q00qdfinvwpycdzkvr-dotnet-sdk-wrapped-10.0.100-man",
              "default": true
            }
          ],
          "store_path": "/nix/store/5k3gbhh54q01w4z0n6vkpwps9p7vr5m5-dotnet-sdk-wrapped-10.0.100"
        },
        "x86_64-darwin": {
          "outputs": [
            {
              "name": "out",
              "path": "/nix/store/zmdj1ycvssg3w7nrr59qlxigid1jmpx0-dotnet-sdk-wrapped-10.0.100",
              "default": true
            }
          ],
          "store_path": "/nix/store/zmdj1ycvssg3w7nrr59qlxigid1jmpx0-dotnet-sdk-wrapped-10.0.100"
        },
        "x86_64-linux": {
          "outputs": [
            {
              "name": "out",
              "path": "/nix/store/9m6mlpq2pc8v8vhqf0v24l3lq89f5vim-dotnet-sdk-wrapped-10.0.100",
              "default": true
            },
            {
              "name": "man",
              "path": "/nix/store/y7vgiqhnjdffx4r8ckfyi6f0f0vqlrsw-dotnet-sdk-wrapped-10.0.100-man",
              "default": true
            }
          ],
          "store_path": "/nix/store/9m6mlpq2pc8v8vhqf0v24l3lq89f5vim-dotnet-sdk-wrapped-10.0.100"
        }
      }
    },
    "github:NixOS/nixpkgs/nixpkgs-unstable": {
      "last_modified": "2025-12-09T08:49:39Z",
      "resolved": "github:NixOS/nixpkgs/677fbe97984e7af3175b6c121f3c39ee5c8d62c9?lastModified=1765270179&narHash=sha256-g2a4MhRKu4ymR4xwo%2BI%2BauTknXt%2F%2Bj37Lnf0Mvfl1rE%3D"
    },
    "glooctl@1.17.16": {
      "last_modified": "2024-12-08T11:15:23Z",
      "resolved": "github:NixOS/nixpkgs/93dc9803a1ee435e590b02cde9589038d5cc3a4e#glooctl",
      "source": "devbox-search",
      "version": "1.17.16",
      "systems": {
        "aarch64-darwin": {
          "outputs": [
            {
              "name": "out",
              "path": "/nix/store/8daxbp1n5b01mh0sh42v864qc1k4cncg-glooctl-1.17.16",
              "default": true
            }
          ],
          "store_path": "/nix/store/8daxbp1n5b01mh0sh42v864qc1k4cncg-glooctl-1.17.16"
        },
        "aarch64-linux": {
          "outputs": [
            {
              "name": "out",
              "path": "/nix/store/v5szlbs1by4h4nmvyz38mnm0w8axzk8d-glooctl-1.17.16",
              "default": true
            }
          ],
          "store_path": "/nix/store/v5szlbs1by4h4nmvyz38mnm0w8axzk8d-glooctl-1.17.16"
        },
        "x86_64-darwin": {
          "outputs": [
            {
              "name": "out",
              "path": "/nix/store/ml9dm6x6blhjdbarwvlqkl56b1551xzh-glooctl-1.17.16",
              "default": true
            }
          ],
          "store_path": "/nix/store/ml9dm6x6blhjdbarwvlqkl56b1551xzh-glooctl-1.17.16"
        },
        "x86_64-linux": {
          "outputs": [
            {
              "name": "out",
              "path": "/nix/store/0r5hpzb168x7cy92awf16kn2xgfrs4d3-glooctl-1.17.16",
              "default": true
            }
          ],
          "store_path": "/nix/store/0r5hpzb168x7cy92awf16kn2xgfrs4d3-glooctl-1.17.16"
        }
      }
    },
    "k3d@5.8.3": {
      "last_modified": "2025-11-23T21:50:36Z",
      "resolved": "github:NixOS/nixpkgs/ee09932cedcef15aaf476f9343d1dea2cb77e261#k3d",
      "source": "devbox-search",
      "version": "5.8.3",
      "systems": {
        "aarch64-darwin": {
          "outputs": [
            {
              "name": "out",
              "path": "/nix/store/b1qafxaqqljya945220z2w3m5cfqzdfq-k3d-5.8.3",
              "default": true
            }
          ],
          "store_path": "/nix/store/b1qafxaqqljya945220z2w3m5cfqzdfq-k3d-5.8.3"
        },
        "aarch64-linux": {
          "outputs": [
            {
              "name": "out",
              "path": "/nix/store/liykpa9sd520sfr308mpwvsql628kg2y-k3d-5.8.3",
              "default": true
            }
          ],
          "store_path": "/nix/store/liykpa9sd520sfr308mpwvsql628kg2y-k3d-5.8.3"
        },
        "x86_64-darwin": {
          "outputs": [
            {
              "name": "out",
              "path": "/nix/store/q49mqnf86a6n4pw9vwsi00zy81d8c6sm-k3d-5.8.3",
              "default": true
            }
          ],
          "store_path": "/nix/store/q49mqnf86a6n4pw9vwsi00zy81d8c6sm-k3d-5.8.3"
        },
        "x86_64-linux": {
          "outputs": [
            {
              "name": "out",
              "path": "/nix/store/hi4rn8kqr7msicf95yagf501pa90pxzz-k3d-5.8.3",
              "default": true
            }
          ],
          "store_path": "/nix/store/hi4rn8kqr7msicf95yagf501pa90pxzz-k3d-5.8.3"
        }
      }
    },
    "k6@1.4": {
      "last_modified": "2025-11-30T12:49:48Z",
      "resolved": "github:NixOS/nixpkgs/4c7d90a136071eb8154d6b3fe63b0046de9d4712#k6",
      "source": "devbox-search",
      "version": "1.4.2",
      "systems": {
        "aarch64-darwin": {
          "outputs": [
            {
              "name": "out",
              "path": "/nix/store/qx1z7z4620ih1vq2b0r38h0s8hwsjxi3-k6-1.4.2",
              "default": true
            }
          ],
          "store_path": "/nix/store/qx1z7z4620ih1vq2b0r38h0s8hwsjxi3-k6-1.4.2"
        },
        "aarch64-linux": {
          "outputs": [
            {
              "name": "out",
              "path": "/nix/store/1imjkad0sy5r90chwqqiqx14cd79gswd-k6-1.4.2",
              "default": true
            }
          ],
          "store_path": "/nix/store/1imjkad0sy5r90chwqqiqx14cd79gswd-k6-1.4.2"
        },
        "x86_64-darwin": {
          "outputs": [
            {
              "name": "out",
              "path": "/nix/store/w9bw59i8fl5xj6rsq6l16ar6s55r9d7q-k6-1.4.2",
              "default": true
            }
          ],
          "store_path": "/nix/store/w9bw59i8fl5xj6rsq6l16ar6s55r9d7q-k6-1.4.2"
        },
        "x86_64-linux": {
          "outputs": [
            {
              "name": "out",
              "path": "/nix/store/7jscr3ywcbir44chbhfjvikfx1p6v5fw-k6-1.4.2",
              "default": true
            }
          ],
          "store_path": "/nix/store/7jscr3ywcbir44chbhfjvikfx1p6v5fw-k6-1.4.2"
        }
      }
    },
    "k9s@0.50.16": {
      "last_modified": "2025-11-23T21:50:36Z",
      "resolved": "github:NixOS/nixpkgs/ee09932cedcef15aaf476f9343d1dea2cb77e261#k9s",
      "source": "devbox-search",
      "version": "0.50.16",
      "systems": {
        "aarch64-darwin": {
          "outputs": [
            {
              "name": "out",
              "path": "/nix/store/7w9y9pw23xy1g6lahacdqalkflf2b713-k9s-0.50.16",
              "default": true
            }
          ],
          "store_path": "/nix/store/7w9y9pw23xy1g6lahacdqalkflf2b713-k9s-0.50.16"
        },
        "aarch64-linux": {
          "outputs": [
            {
              "name": "out",
              "path": "/nix/store/lp85svzq5n4xl3v18jmi0sga1glkbx47-k9s-0.50.16",
              "default": true
            }
          ],
          "store_path": "/nix/store/lp85svzq5n4xl3v18jmi0sga1glkbx47-k9s-0.50.16"
        },
        "x86_64-darwin": {
          "outputs": [
            {
              "name": "out",
              "path": "/nix/store/bjzs9wn700s1mkh9qmydvvr4n21xav5r-k9s-0.50.16",
              "default": true
            }
          ],
          "store_path": "/nix/store/bjzs9wn700s1mkh9qmydvvr4n21xav5r-k9s-0.50.16"
        },
        "x86_64-linux": {
          "outputs": [
            {
              "name": "out",
              "path": "/nix/store/b31w4n54rbhgzzh21xyrkag0i8ipqz2h-k9s-0.50.16",
              "default": true
            }
          ],
          "store_path": "/nix/store/b31w4n54rbhgzzh21xyrkag0i8ipqz2h-k9s-0.50.16"
        }
      }
    },
    "kubectl@1.34.3": {
      "last_modified": "2025-12-16T16:49:59Z",
      "resolved": "github:NixOS/nixpkgs/e8d16d2186d6ed9f047eb30948e97e7e01886d10#kubectl",
      "source": "devbox-search",
      "version": "1.34.3",
      "systems": {
        "aarch64-darwin": {
          "outputs": [
            {
              "name": "out",
              "path": "/nix/store/wh7x3h048nvpnz9iv8m2wff57rcbns4h-kubectl-1.34.3",
              "default": true
            },
            {
              "name": "man",
              "path": "/nix/store/0z1gk04zvcpy5zm43j42p9sxdkx9gsap-kubectl-1.34.3-man",
              "default": true
            },
            {
              "name": "convert",
              "path": "/nix/store/sgjynqwjc1bzd9j90x50l1f4k8av0q7y-kubectl-1.34.3-convert"
            }
          ],
          "store_path": "/nix/store/wh7x3h048nvpnz9iv8m2wff57rcbns4h-kubectl-1.34.3"
        },
        "aarch64-linux": {
          "outputs": [
            {
              "name": "out",
              "path": "/nix/store/sm68c4d3gg7sch2fpa3ilmlxilqm9525-kubectl-1.34.3",
              "default": true
            },
            {
              "name": "man",
              "path": "/nix/store/d1ld1hbv276y9342aq4wa3x1mjfsd0wq-kubectl-1.34.3-man",
              "default": true
            },
            {
              "name": "convert",
              "path": "/nix/store/2s84f8b0y40879v5vxarlg8h5i6whjab-kubectl-1.34.3-convert"
            }
          ],
          "store_path": "/nix/store/sm68c4d3gg7sch2fpa3ilmlxilqm9525-kubectl-1.34.3"
        },
        "x86_64-darwin": {
          "outputs": [
            {
              "name": "out",
              "path": "/nix/store/4rbd3ml1ibkbp41vp23p3712m5ziqcfm-kubectl-1.34.3",
              "default": true
            },
            {
              "name": "man",
              "path": "/nix/store/k83zqin5j3879l38dly5w4nfg536p170-kubectl-1.34.3-man",
              "default": true
            },
            {
              "name": "convert",
              "path": "/nix/store/r9dni0s5zc9hka7zbi36jglqlj3n7bgm-kubectl-1.34.3-convert"
            }
          ],
          "store_path": "/nix/store/4rbd3ml1ibkbp41vp23p3712m5ziqcfm-kubectl-1.34.3"
        },
        "x86_64-linux": {
          "outputs": [
            {
              "name": "out",
              "path": "/nix/store/589b0djk7wn3k3chyzp9a6wi6al95wn1-kubectl-1.34.3",
              "default": true
            },
            {
              "name": "man",
              "path": "/nix/store/sc5pab1b1hd20gpvk5rzj638wkgz0pvz-kubectl-1.34.3-man",
              "default": true
            },
            {
              "name": "convert",
              "path": "/nix/store/4cyp95klz5fvnfsizj2n93mfbhmg7v39-kubectl-1.34.3-convert"
            }
          ],
          "store_path": "/nix/store/589b0djk7wn3k3chyzp9a6wi6al95wn1-kubectl-1.34.3"
        }
      }
    },
    "kubelogin@0.1.6": {
      "last_modified": "2024-12-17T11:43:56Z",
      "resolved": "github:NixOS/nixpkgs/4989a246d7a390a859852baddb1013f825435cee#kubelogin",
      "source": "devbox-search",
      "version": "0.1.6",
      "systems": {
        "aarch64-darwin": {
          "outputs": [
            {
              "name": "out",
              "path": "/nix/store/214lk1bnl7hamkc6cygj544vpwi99s6h-kubelogin-0.1.6",
              "default": true
            }
          ],
          "store_path": "/nix/store/214lk1bnl7hamkc6cygj544vpwi99s6h-kubelogin-0.1.6"
        },
        "aarch64-linux": {
          "outputs": [
            {
              "name": "out",
              "path": "/nix/store/jfxg1hfn6cvdkymrb80g3m8nyr0qwmqn-kubelogin-0.1.6",
              "default": true
            }
          ],
          "store_path": "/nix/store/jfxg1hfn6cvdkymrb80g3m8nyr0qwmqn-kubelogin-0.1.6"
        },
        "x86_64-darwin": {
          "outputs": [
            {
              "name": "out",
              "path": "/nix/store/8f9chsrkhp4lvqyjsf8gxdhdi70jj7vp-kubelogin-0.1.6",
              "default": true
            }
          ],
          "store_path": "/nix/store/8f9chsrkhp4lvqyjsf8gxdhdi70jj7vp-kubelogin-0.1.6"
        },
        "x86_64-linux": {
          "outputs": [
            {
              "name": "out",
              "path": "/nix/store/dm5ri258scjsqcy0zckg1qfambm8xfqj-kubelogin-0.1.6",
              "default": true
            }
          ],
          "store_path": "/nix/store/dm5ri258scjsqcy0zckg1qfambm8xfqj-kubelogin-0.1.6"
        }
      }
    },
    "kubernetes-helm@3.19.1": {
      "last_modified": "2025-11-23T21:50:36Z",
      "resolved": "github:NixOS/nixpkgs/ee09932cedcef15aaf476f9343d1dea2cb77e261#kubernetes-helm",
      "source": "devbox-search",
      "version": "3.19.1",
      "systems": {
        "aarch64-darwin": {
          "outputs": [
            {
              "name": "out",
              "path": "/nix/store/xx21h4bmbmhncdlhw5q7gp3wx50x0y5g-kubernetes-helm-3.19.1",
              "default": true
            }
          ],
          "store_path": "/nix/store/xx21h4bmbmhncdlhw5q7gp3wx50x0y5g-kubernetes-helm-3.19.1"
        },
        "aarch64-linux": {
          "outputs": [
            {
              "name": "out",
              "path": "/nix/store/s702f0l23v078mm6jkrbc7bx0qpjrzwm-kubernetes-helm-3.19.1",
              "default": true
            }
          ],
          "store_path": "/nix/store/s702f0l23v078mm6jkrbc7bx0qpjrzwm-kubernetes-helm-3.19.1"
        },
        "x86_64-darwin": {
          "outputs": [
            {
              "name": "out",
              "path": "/nix/store/z2is6ibqddfxx8mb1hybly00hb902h85-kubernetes-helm-3.19.1",
              "default": true
            }
          ],
          "store_path": "/nix/store/z2is6ibqddfxx8mb1hybly00hb902h85-kubernetes-helm-3.19.1"
        },
        "x86_64-linux": {
          "outputs": [
            {
              "name": "out",
              "path": "/nix/store/b7g7s0jpfs93g7s1b556166mcswbkmcx-kubernetes-helm-3.19.1",
              "default": true
            }
          ],
          "store_path": "/nix/store/b7g7s0jpfs93g7s1b556166mcswbkmcx-kubernetes-helm-3.19.1"
        }
      }
    },
    "redis@8.2.2": {
      "last_modified": "2025-11-23T21:50:36Z",
      "plugin_version": "0.0.2",
      "resolved": "github:NixOS/nixpkgs/ee09932cedcef15aaf476f9343d1dea2cb77e261#redis",
      "source": "devbox-search",
      "version": "8.2.2",
      "systems": {
        "aarch64-darwin": {
          "outputs": [
            {
              "name": "out",
              "path": "/nix/store/n2way8yypxskms30b2npw819wjy6qzsi-redis-8.2.2",
              "default": true
            }
          ],
          "store_path": "/nix/store/n2way8yypxskms30b2npw819wjy6qzsi-redis-8.2.2"
        },
        "aarch64-linux": {
          "outputs": [
            {
              "name": "out",
              "path": "/nix/store/ca5ncmxq5v31kij1hkc53dcg1jl553f2-redis-8.2.2",
              "default": true
            }
          ],
          "store_path": "/nix/store/ca5ncmxq5v31kij1hkc53dcg1jl553f2-redis-8.2.2"
        },
        "x86_64-darwin": {
          "outputs": [
            {
              "name": "out",
              "path": "/nix/store/n69c1vb6zklcidqa5k81jyk247w4ll29-redis-8.2.2",
              "default": true
            }
          ],
          "store_path": "/nix/store/n69c1vb6zklcidqa5k81jyk247w4ll29-redis-8.2.2"
        },
        "x86_64-linux": {
          "outputs": [
            {
              "name": "out",
              "path": "/nix/store/wpz1mwj8qhl3naj8lzi6z6j713bggvgd-redis-8.2.2",
              "default": true
            }
          ],
          "store_path": "/nix/store/wpz1mwj8qhl3naj8lzi6z6j713bggvgd-redis-8.2.2"
        }
      }
    },
    "yq-go@4.44": {
      "last_modified": "2024-12-23T21:10:33Z",
      "resolved": "github:NixOS/nixpkgs/de1864217bfa9b5845f465e771e0ecb48b30e02d#yq-go",
      "source": "devbox-search",
      "version": "4.44.6",
      "systems": {
        "aarch64-darwin": {
          "outputs": [
            {
              "name": "out",
              "path": "/nix/store/cv2yhzv2vv5mp205jc2y97f8cz13c4p7-yq-go-4.44.6",
              "default": true
            }
          ],
          "store_path": "/nix/store/cv2yhzv2vv5mp205jc2y97f8cz13c4p7-yq-go-4.44.6"
        },
        "aarch64-linux": {
          "outputs": [
            {
              "name": "out",
              "path": "/nix/store/chs70a09khlmc1agnnl4nds77a03my0m-yq-go-4.44.6",
              "default": true
            }
          ],
          "store_path": "/nix/store/chs70a09khlmc1agnnl4nds77a03my0m-yq-go-4.44.6"
        },
        "x86_64-darwin": {
          "outputs": [
            {
              "name": "out",
              "path": "/nix/store/h4mqacjb4hj0xsn61blpi8jgw49wdwcx-yq-go-4.44.6",
              "default": true
            }
          ],
          "store_path": "/nix/store/h4mqacjb4hj0xsn61blpi8jgw49wdwcx-yq-go-4.44.6"
        },
        "x86_64-linux": {
          "outputs": [
            {
              "name": "out",
              "path": "/nix/store/nzrxb2vwxwnmndccndf0hdyc4vcjmz3y-yq-go-4.44.6",
              "default": true
            }
          ],
          "store_path": "/nix/store/nzrxb2vwxwnmndccndf0hdyc4vcjmz3y-yq-go-4.44.6"
        }
      }
    }
  }
}
